
Microsoft Visual Studio Solution File, Format Version 12.00
# Visual Studio 14
VisualStudioVersion = 14.0.25420.1
MinimumVisualStudioVersion = 10.0.40219.1
Project("{FAE04EC0-301F-11D3-BF4B-00C04F79EFBC}") = "Xaml_Mvvm_Demo", "Xaml_Mvvm_Demo\Xaml_Mvvm_Demo\Xaml_Mvvm_Demo.csproj", "{7095B63B-3E5C-4137-BD0E-86C8CF643CAD}"
EndProject
Project("{FAE04EC0-301F-11D3-BF4B-00C04F79EFBC}") = "Xaml_Mvvm_Demo.Droid", "Xaml_Mvvm_Demo\Xaml_Mvvm_Demo.Droid\Xaml_Mvvm_Demo.Droid.csproj", "{C10FD4B0-ED93-4AA2-B242-D11741F0205E}"
EndProject
Project("{FAE04EC0-301F-11D3-BF4B-00C04F79EFBC}") = "Xaml_Mvvm_Demo.iOS", "Xaml_Mvvm_Demo\Xaml_Mvvm_Demo.iOS\Xaml_Mvvm_Demo.iOS.csproj", "{B3778F54-1DF1-4770-8361-F64AF1B368FA}"
EndProject
Project("{FAE04EC0-301F-11D3-BF4B-00C04F79EFBC}") = "Xaml_Mvvm_Demo.WinPhone", "Xaml_Mvvm_Demo\Xaml_Mvvm_Demo.WinPhone\Xaml_Mvvm_Demo.WinPhone.csproj", "{9D3BA189-6BEC-482F-99E5-3CAFD70EC226}"
EndProject
Project("{FAE04EC0-301F-11D3-BF4B-00C04F79EFBC}") = "Xaml_Mvvm_Demo.UWP", "Xaml_Mvvm_Demo\Xaml_Mvvm_Demo.UWP\Xaml_Mvvm_Demo.UWP.csproj", "{18DFC8B6-17EE-4700-A1DB-084F0AE9D6DF}"
EndProject
Project("{FAE04EC0-301F-11D3-BF4B-00C04F79EFBC}") = "Xaml_Mvvm_Demo.Windows", "Xaml_Mvvm_Demo\Xaml_Mvvm_Demo.Windows\Xaml_Mvvm_Demo.Windows.csproj", "{06F46BE6-56E7-4AD5-8BD5-4AE5F8DBE0EB}"
EndProject
Global
	GlobalSection(SolutionConfigurationPlatforms) = preSolution
		Ad-Hoc|Any CPU = Ad-Hoc|Any CPU
		Ad-Hoc|ARM = Ad-Hoc|ARM
		Ad-Hoc|iPhone = Ad-Hoc|iPhone
		Ad-Hoc|iPhoneSimulator = Ad-Hoc|iPhoneSimulator
		Ad-Hoc|x64 = Ad-Hoc|x64
		Ad-Hoc|x86 = Ad-Hoc|x86
		AppStore|Any CPU = AppStore|Any CPU
		AppStore|ARM = AppStore|ARM
		AppStore|iPhone = AppStore|iPhone
		AppStore|iPhoneSimulator = AppStore|iPhoneSimulator
		AppStore|x64 = AppStore|x64
		AppStore|x86 = AppStore|x86
		Debug|Any CPU = Debug|Any CPU
		Debug|ARM = Debug|ARM
		Debug|iPhone = Debug|iPhone
		Debug|iPhoneSimulator = Debug|iPhoneSimulator
		Debug|x64 = Debug|x64
		Debug|x86 = Debug|x86
		Release|Any CPU = Release|Any CPU
		Release|ARM = Release|ARM
		Release|iPhone = Release|iPhone
		Release|iPhoneSimulator = Release|iPhoneSimulator
		Release|x64 = Release|x64
		Release|x86 = Release|x86
	EndGlobalSection
	GlobalSection(ProjectConfigurationPlatforms) = postSolution
		{7095B63B-3E5C-4137-BD0E-86C8CF643CAD}.Ad-Hoc|Any CPU.ActiveCfg = Release|Any CPU
		{7095B63B-3E5C-4137-BD0E-86C8CF643CAD}.Ad-Hoc|Any CPU.Build.0 = Release|Any CPU
		{7095B63B-3E5C-4137-BD0E-86C8CF643CAD}.Ad-Hoc|ARM.ActiveCfg = Release|Any CPU
		{7095B63B-3E5C-4137-BD0E-86C8CF643CAD}.Ad-Hoc|ARM.Build.0 = Release|Any CPU
		{7095B63B-3E5C-4137-BD0E-86C8CF643CAD}.Ad-Hoc|iPhone.ActiveCfg = Release|Any CPU
		{7095B63B-3E5C-4137-BD0E-86C8CF643CAD}.Ad-Hoc|iPhone.Build.0 = Release|Any CPU
		{7095B63B-3E5C-4137-BD0E-86C8CF643CAD}.Ad-Hoc|iPhoneSimulator.ActiveCfg = Release|Any CPU
		{7095B63B-3E5C-4137-BD0E-86C8CF643CAD}.Ad-Hoc|iPhoneSimulator.Build.0 = Release|Any CPU
		{7095B63B-3E5C-4137-BD0E-86C8CF643CAD}.Ad-Hoc|x64.ActiveCfg = Release|Any CPU
		{7095B63B-3E5C-4137-BD0E-86C8CF643CAD}.Ad-Hoc|x64.Build.0 = Release|Any CPU
		{7095B63B-3E5C-4137-BD0E-86C8CF643CAD}.Ad-Hoc|x86.ActiveCfg = Release|Any CPU
		{7095B63B-3E5C-4137-BD0E-86C8CF643CAD}.Ad-Hoc|x86.Build.0 = Release|Any CPU
		{7095B63B-3E5C-4137-BD0E-86C8CF643CAD}.AppStore|Any CPU.ActiveCfg = Release|Any CPU
		{7095B63B-3E5C-4137-BD0E-86C8CF643CAD}.AppStore|Any CPU.Build.0 = Release|Any CPU
		{7095B63B-3E5C-4137-BD0E-86C8CF643CAD}.AppStore|ARM.ActiveCfg = Release|Any CPU
		{7095B63B-3E5C-4137-BD0E-86C8CF643CAD}.AppStore|ARM.Build.0 = Release|Any CPU
		{7095B63B-3E5C-4137-BD0E-86C8CF643CAD}.AppStore|iPhone.ActiveCfg = Release|Any CPU
		{7095B63B-3E5C-4137-BD0E-86C8CF643CAD}.AppStore|iPhone.Build.0 = Release|Any CPU
		{7095B63B-3E5C-4137-BD0E-86C8CF643CAD}.AppStore|iPhoneSimulator.ActiveCfg = Release|Any CPU
		{7095B63B-3E5C-4137-BD0E-86C8CF643CAD}.AppStore|iPhoneSimulator.Build.0 = Release|Any CPU
		{7095B63B-3E5C-4137-BD0E-86C8CF643CAD}.AppStore|x64.ActiveCfg = Release|Any CPU
		{7095B63B-3E5C-4137-BD0E-86C8CF643CAD}.AppStore|x64.Build.0 = Release|Any CPU
		{7095B63B-3E5C-4137-BD0E-86C8CF643CAD}.AppStore|x86.ActiveCfg = Release|Any CPU
		{7095B63B-3E5C-4137-BD0E-86C8CF643CAD}.AppStore|x86.Build.0 = Release|Any CPU
		{7095B63B-3E5C-4137-BD0E-86C8CF643CAD}.Debug|Any CPU.ActiveCfg = Debug|Any CPU
		{7095B63B-3E5C-4137-BD0E-86C8CF643CAD}.Debug|Any CPU.Build.0 = Debug|Any CPU
		{7095B63B-3E5C-4137-BD0E-86C8CF643CAD}.Debug|ARM.ActiveCfg = Debug|Any CPU
		{7095B63B-3E5C-4137-BD0E-86C8CF643CAD}.Debug|ARM.Build.0 = Debug|Any CPU
		{7095B63B-3E5C-4137-BD0E-86C8CF643CAD}.Debug|iPhone.ActiveCfg = Debug|Any CPU
		{7095B63B-3E5C-4137-BD0E-86C8CF643CAD}.Debug|iPhone.Build.0 = Debug|Any CPU
		{7095B63B-3E5C-4137-BD0E-86C8CF643CAD}.Debug|iPhoneSimulator.ActiveCfg = Debug|Any CPU
		{7095B63B-3E5C-4137-BD0E-86C8CF643CAD}.Debug|iPhoneSimulator.Build.0 = Debug|Any CPU
		{7095B63B-3E5C-4137-BD0E-86C8CF643CAD}.Debug|x64.ActiveCfg = Debug|Any CPU
		{7095B63B-3E5C-4137-BD0E-86C8CF643CAD}.Debug|x64.Build.0 = Debug|Any CPU
		{7095B63B-3E5C-4137-BD0E-86C8CF643CAD}.Debug|x86.ActiveCfg = Debug|Any CPU
		{7095B63B-3E5C-4137-BD0E-86C8CF643CAD}.Debug|x86.Build.0 = Debug|Any CPU
		{7095B63B-3E5C-4137-BD0E-86C8CF643CAD}.Release|Any CPU.ActiveCfg = Release|Any CPU
		{7095B63B-3E5C-4137-BD0E-86C8CF643CAD}.Release|Any CPU.Build.0 = Release|Any CPU
		{7095B63B-3E5C-4137-BD0E-86C8CF643CAD}.Release|ARM.ActiveCfg = Release|Any CPU
		{7095B63B-3E5C-4137-BD0E-86C8CF643CAD}.Release|ARM.Build.0 = Release|Any CPU
		{7095B63B-3E5C-4137-BD0E-86C8CF643CAD}.Release|iPhone.ActiveCfg = Release|Any CPU
		{7095B63B-3E5C-4137-BD0E-86C8CF643CAD}.Release|iPhone.Build.0 = Release|Any CPU
		{7095B63B-3E5C-4137-BD0E-86C8CF643CAD}.Release|iPhoneSimulator.ActiveCfg = Release|Any CPU
		{7095B63B-3E5C-4137-BD0E-86C8CF643CAD}.Release|iPhoneSimulator.Build.0 = Release|Any CPU
		{7095B63B-3E5C-4137-BD0E-86C8CF643CAD}.Release|x64.ActiveCfg = Release|Any CPU
		{7095B63B-3E5C-4137-BD0E-86C8CF643CAD}.Release|x64.Build.0 = Release|Any CPU
		{7095B63B-3E5C-4137-BD0E-86C8CF643CAD}.Release|x86.ActiveCfg = Release|Any CPU
		{7095B63B-3E5C-4137-BD0E-86C8CF643CAD}.Release|x86.Build.0 = Release|Any CPU
		{C10FD4B0-ED93-4AA2-B242-D11741F0205E}.Ad-Hoc|Any CPU.ActiveCfg = Release|Any CPU
		{C10FD4B0-ED93-4AA2-B242-D11741F0205E}.Ad-Hoc|Any CPU.Build.0 = Release|Any CPU
		{C10FD4B0-ED93-4AA2-B242-D11741F0205E}.Ad-Hoc|Any CPU.Deploy.0 = Release|Any CPU
		{C10FD4B0-ED93-4AA2-B242-D11741F0205E}.Ad-Hoc|ARM.ActiveCfg = Release|Any CPU
		{C10FD4B0-ED93-4AA2-B242-D11741F0205E}.Ad-Hoc|ARM.Build.0 = Release|Any CPU
		{C10FD4B0-ED93-4AA2-B242-D11741F0205E}.Ad-Hoc|ARM.Deploy.0 = Release|Any CPU
		{C10FD4B0-ED93-4AA2-B242-D11741F0205E}.Ad-Hoc|iPhone.ActiveCfg = Release|Any CPU
		{C10FD4B0-ED93-4AA2-B242-D11741F0205E}.Ad-Hoc|iPhone.Build.0 = Release|Any CPU
		{C10FD4B0-ED93-4AA2-B242-D11741F0205E}.Ad-Hoc|iPhone.Deploy.0 = Release|Any CPU
		{C10FD4B0-ED93-4AA2-B242-D11741F0205E}.Ad-Hoc|iPhoneSimulator.ActiveCfg = Release|Any CPU
		{C10FD4B0-ED93-4AA2-B242-D11741F0205E}.Ad-Hoc|iPhoneSimulator.Build.0 = Release|Any CPU
		{C10FD4B0-ED93-4AA2-B242-D11741F0205E}.Ad-Hoc|iPhoneSimulator.Deploy.0 = Release|Any CPU
		{C10FD4B0-ED93-4AA2-B242-D11741F0205E}.Ad-Hoc|x64.ActiveCfg = Release|Any CPU
		{C10FD4B0-ED93-4AA2-B242-D11741F0205E}.Ad-Hoc|x64.Build.0 = Release|Any CPU
		{C10FD4B0-ED93-4AA2-B242-D11741F0205E}.Ad-Hoc|x64.Deploy.0 = Release|Any CPU
		{C10FD4B0-ED93-4AA2-B242-D11741F0205E}.Ad-Hoc|x86.ActiveCfg = Release|Any CPU
		{C10FD4B0-ED93-4AA2-B242-D11741F0205E}.Ad-Hoc|x86.Build.0 = Release|Any CPU
		{C10FD4B0-ED93-4AA2-B242-D11741F0205E}.Ad-Hoc|x86.Deploy.0 = Release|Any CPU
		{C10FD4B0-ED93-4AA2-B242-D11741F0205E}.AppStore|Any CPU.ActiveCfg = Release|Any CPU
		{C10FD4B0-ED93-4AA2-B242-D11741F0205E}.AppStore|Any CPU.Build.0 = Release|Any CPU
		{C10FD4B0-ED93-4AA2-B242-D11741F0205E}.AppStore|Any CPU.Deploy.0 = Release|Any CPU
		{C10FD4B0-ED93-4AA2-B242-D11741F0205E}.AppStore|ARM.ActiveCfg = Release|Any CPU
		{C10FD4B0-ED93-4AA2-B242-D11741F0205E}.AppStore|ARM.Build.0 = Release|Any CPU
		{C10FD4B0-ED93-4AA2-B242-D11741F0205E}.AppStore|ARM.Deploy.0 = Release|Any CPU
		{C10FD4B0-ED93-4AA2-B242-D11741F0205E}.AppStore|iPhone.ActiveCfg = Release|Any CPU
		{C10FD4B0-ED93-4AA2-B242-D11741F0205E}.AppStore|iPhone.Build.0 = Release|Any CPU
		{C10FD4B0-ED93-4AA2-B242-D11741F0205E}.AppStore|iPhone.Deploy.0 = Release|Any CPU
		{C10FD4B0-ED93-4AA2-B242-D11741F0205E}.AppStore|iPhoneSimulator.ActiveCfg = Release|Any CPU
		{C10FD4B0-ED93-4AA2-B242-D11741F0205E}.AppStore|iPhoneSimulator.Build.0 = Release|Any CPU
		{C10FD4B0-ED93-4AA2-B242-D11741F0205E}.AppStore|iPhoneSimulator.Deploy.0 = Release|Any CPU
		{C10FD4B0-ED93-4AA2-B242-D11741F0205E}.AppStore|x64.ActiveCfg = Release|Any CPU
		{C10FD4B0-ED93-4AA2-B242-D11741F0205E}.AppStore|x64.Build.0 = Release|Any CPU
		{C10FD4B0-ED93-4AA2-B242-D11741F0205E}.AppStore|x64.Deploy.0 = Release|Any CPU
		{C10FD4B0-ED93-4AA2-B242-D11741F0205E}.AppStore|x86.ActiveCfg = Release|Any CPU
		{C10FD4B0-ED93-4AA2-B242-D11741F0205E}.AppStore|x86.Build.0 = Release|Any CPU
		{C10FD4B0-ED93-4AA2-B242-D11741F0205E}.AppStore|x86.Deploy.0 = Release|Any CPU
		{C10FD4B0-ED93-4AA2-B242-D11741F0205E}.Debug|Any CPU.ActiveCfg = Debug|Any CPU
		{C10FD4B0-ED93-4AA2-B242-D11741F0205E}.Debug|Any CPU.Build.0 = Debug|Any CPU
		{C10FD4B0-ED93-4AA2-B242-D11741F0205E}.Debug|Any CPU.Deploy.0 = Debug|Any CPU
		{C10FD4B0-ED93-4AA2-B242-D11741F0205E}.Debug|ARM.ActiveCfg = Debug|Any CPU
		{C10FD4B0-ED93-4AA2-B242-D11741F0205E}.Debug|ARM.Build.0 = Debug|Any CPU
		{C10FD4B0-ED93-4AA2-B242-D11741F0205E}.Debug|ARM.Deploy.0 = Debug|Any CPU
		{C10FD4B0-ED93-4AA2-B242-D11741F0205E}.Debug|iPhone.ActiveCfg = Debug|Any CPU
		{C10FD4B0-ED93-4AA2-B242-D11741F0205E}.Debug|iPhone.Build.0 = Debug|Any CPU
		{C10FD4B0-ED93-4AA2-B242-D11741F0205E}.Debug|iPhone.Deploy.0 = Debug|Any CPU
		{C10FD4B0-ED93-4AA2-B242-D11741F0205E}.Debug|iPhoneSimulator.ActiveCfg = Debug|Any CPU
		{C10FD4B0-ED93-4AA2-B242-D11741F0205E}.Debug|iPhoneSimulator.Build.0 = Debug|Any CPU
		{C10FD4B0-ED93-4AA2-B242-D11741F0205E}.Debug|iPhoneSimulator.Deploy.0 = Debug|Any CPU
		{C10FD4B0-ED93-4AA2-B242-D11741F0205E}.Debug|x64.ActiveCfg = Debug|Any CPU
		{C10FD4B0-ED93-4AA2-B242-D11741F0205E}.Debug|x64.Build.0 = Debug|Any CPU
		{C10FD4B0-ED93-4AA2-B242-D11741F0205E}.Debug|x64.Deploy.0 = Debug|Any CPU
		{C10FD4B0-ED93-4AA2-B242-D11741F0205E}.Debug|x86.ActiveCfg = Debug|Any CPU
		{C10FD4B0-ED93-4AA2-B242-D11741F0205E}.Debug|x86.Build.0 = Debug|Any CPU
		{C10FD4B0-ED93-4AA2-B242-D11741F0205E}.Debug|x86.Deploy.0 = Debug|Any CPU
		{C10FD4B0-ED93-4AA2-B242-D11741F0205E}.Release|Any CPU.ActiveCfg = Release|Any CPU
		{C10FD4B0-ED93-4AA2-B242-D11741F0205E}.Release|Any CPU.Build.0 = Release|Any CPU
		{C10FD4B0-ED93-4AA2-B242-D11741F0205E}.Release|Any CPU.Deploy.0 = Release|Any CPU
		{C10FD4B0-ED93-4AA2-B242-D11741F0205E}.Release|ARM.ActiveCfg = Release|Any CPU
		{C10FD4B0-ED93-4AA2-B242-D11741F0205E}.Release|ARM.Build.0 = Release|Any CPU
		{C10FD4B0-ED93-4AA2-B242-D11741F0205E}.Release|ARM.Deploy.0 = Release|Any CPU
		{C10FD4B0-ED93-4AA2-B242-D11741F0205E}.Release|iPhone.ActiveCfg = Release|Any CPU
		{C10FD4B0-ED93-4AA2-B242-D11741F0205E}.Release|iPhone.Build.0 = Release|Any CPU
		{C10FD4B0-ED93-4AA2-B242-D11741F0205E}.Release|iPhone.Deploy.0 = Release|Any CPU
		{C10FD4B0-ED93-4AA2-B242-D11741F0205E}.Release|iPhoneSimulator.ActiveCfg = Release|Any CPU
		{C10FD4B0-ED93-4AA2-B242-D11741F0205E}.Release|iPhoneSimulator.Build.0 = Release|Any CPU
		{C10FD4B0-ED93-4AA2-B242-D11741F0205E}.Release|iPhoneSimulator.Deploy.0 = Release|Any CPU
		{C10FD4B0-ED93-4AA2-B242-D11741F0205E}.Release|x64.ActiveCfg = Release|Any CPU
		{C10FD4B0-ED93-4AA2-B242-D11741F0205E}.Release|x64.Build.0 = Release|Any CPU
		{C10FD4B0-ED93-4AA2-B242-D11741F0205E}.Release|x64.Deploy.0 = Release|Any CPU
		{C10FD4B0-ED93-4AA2-B242-D11741F0205E}.Release|x86.ActiveCfg = Release|Any CPU
		{C10FD4B0-ED93-4AA2-B242-D11741F0205E}.Release|x86.Build.0 = Release|Any CPU
		{C10FD4B0-ED93-4AA2-B242-D11741F0205E}.Release|x86.Deploy.0 = Release|Any CPU
		{B3778F54-1DF1-4770-8361-F64AF1B368FA}.Ad-Hoc|Any CPU.ActiveCfg = Ad-Hoc|iPhone
		{B3778F54-1DF1-4770-8361-F64AF1B368FA}.Ad-Hoc|ARM.ActiveCfg = Ad-Hoc|iPhone
		{B3778F54-1DF1-4770-8361-F64AF1B368FA}.Ad-Hoc|iPhone.ActiveCfg = Ad-Hoc|iPhone
		{B3778F54-1DF1-4770-8361-F64AF1B368FA}.Ad-Hoc|iPhone.Build.0 = Ad-Hoc|iPhone
		{B3778F54-1DF1-4770-8361-F64AF1B368FA}.Ad-Hoc|iPhoneSimulator.ActiveCfg = Ad-Hoc|iPhoneSimulator
		{B3778F54-1DF1-4770-8361-F64AF1B368FA}.Ad-Hoc|iPhoneSimulator.Build.0 = Ad-Hoc|iPhoneSimulator
		{B3778F54-1DF1-4770-8361-F64AF1B368FA}.Ad-Hoc|x64.ActiveCfg = Ad-Hoc|iPhone
		{B3778F54-1DF1-4770-8361-F64AF1B368FA}.Ad-Hoc|x86.ActiveCfg = Ad-Hoc|iPhone
		{B3778F54-1DF1-4770-8361-F64AF1B368FA}.AppStore|Any CPU.ActiveCfg = AppStore|iPhone
		{B3778F54-1DF1-4770-8361-F64AF1B368FA}.AppStore|ARM.ActiveCfg = AppStore|iPhone
		{B3778F54-1DF1-4770-8361-F64AF1B368FA}.AppStore|iPhone.ActiveCfg = AppStore|iPhone
		{B3778F54-1DF1-4770-8361-F64AF1B368FA}.AppStore|iPhone.Build.0 = AppStore|iPhone
		{B3778F54-1DF1-4770-8361-F64AF1B368FA}.AppStore|iPhoneSimulator.ActiveCfg = AppStore|iPhoneSimulator
		{B3778F54-1DF1-4770-8361-F64AF1B368FA}.AppStore|iPhoneSimulator.Build.0 = AppStore|iPhoneSimulator
		{B3778F54-1DF1-4770-8361-F64AF1B368FA}.AppStore|x64.ActiveCfg = AppStore|iPhone
		{B3778F54-1DF1-4770-8361-F64AF1B368FA}.AppStore|x86.ActiveCfg = AppStore|iPhone
		{B3778F54-1DF1-4770-8361-F64AF1B368FA}.Debug|Any CPU.ActiveCfg = Debug|iPhone
		{B3778F54-1DF1-4770-8361-F64AF1B368FA}.Debug|ARM.ActiveCfg = Debug|iPhone
		{B3778F54-1DF1-4770-8361-F64AF1B368FA}.Debug|iPhone.ActiveCfg = Debug|iPhone
		{B3778F54-1DF1-4770-8361-F64AF1B368FA}.Debug|iPhone.Build.0 = Debug|iPhone
		{B3778F54-1DF1-4770-8361-F64AF1B368FA}.Debug|iPhoneSimulator.ActiveCfg = Debug|iPhoneSimulator
		{B3778F54-1DF1-4770-8361-F64AF1B368FA}.Debug|iPhoneSimulator.Build.0 = Debug|iPhoneSimulator
		{B3778F54-1DF1-4770-8361-F64AF1B368FA}.Debug|x64.ActiveCfg = Debug|iPhone
		{B3778F54-1DF1-4770-8361-F64AF1B368FA}.Debug|x86.ActiveCfg = Debug|iPhone
		{B3778F54-1DF1-4770-8361-F64AF1B368FA}.Release|Any CPU.ActiveCfg = Release|iPhone
		{B3778F54-1DF1-4770-8361-F64AF1B368FA}.Release|ARM.ActiveCfg = Release|iPhone
		{B3778F54-1DF1-4770-8361-F64AF1B368FA}.Release|iPhone.ActiveCfg = Release|iPhone
		{B3778F54-1DF1-4770-8361-F64AF1B368FA}.Release|iPhone.Build.0 = Release|iPhone
		{B3778F54-1DF1-4770-8361-F64AF1B368FA}.Release|iPhoneSimulator.ActiveCfg = Release|iPhoneSimulator
		{B3778F54-1DF1-4770-8361-F64AF1B368FA}.Release|iPhoneSimulator.Build.0 = Release|iPhoneSimulator
		{B3778F54-1DF1-4770-8361-F64AF1B368FA}.Release|x64.ActiveCfg = Release|iPhone
		{B3778F54-1DF1-4770-8361-F64AF1B368FA}.Release|x86.ActiveCfg = Release|iPhone
		{9D3BA189-6BEC-482F-99E5-3CAFD70EC226}.Ad-Hoc|Any CPU.ActiveCfg = Release|Any CPU
		{9D3BA189-6BEC-482F-99E5-3CAFD70EC226}.Ad-Hoc|Any CPU.Build.0 = Release|Any CPU
		{9D3BA189-6BEC-482F-99E5-3CAFD70EC226}.Ad-Hoc|Any CPU.Deploy.0 = Release|Any CPU
		{9D3BA189-6BEC-482F-99E5-3CAFD70EC226}.Ad-Hoc|ARM.ActiveCfg = Release|ARM
		{9D3BA189-6BEC-482F-99E5-3CAFD70EC226}.Ad-Hoc|ARM.Build.0 = Release|ARM
		{9D3BA189-6BEC-482F-99E5-3CAFD70EC226}.Ad-Hoc|ARM.Deploy.0 = Release|ARM
		{9D3BA189-6BEC-482F-99E5-3CAFD70EC226}.Ad-Hoc|iPhone.ActiveCfg = Release|Any CPU
		{9D3BA189-6BEC-482F-99E5-3CAFD70EC226}.Ad-Hoc|iPhone.Build.0 = Release|Any CPU
		{9D3BA189-6BEC-482F-99E5-3CAFD70EC226}.Ad-Hoc|iPhone.Deploy.0 = Release|Any CPU
		{9D3BA189-6BEC-482F-99E5-3CAFD70EC226}.Ad-Hoc|iPhoneSimulator.ActiveCfg = Release|Any CPU
		{9D3BA189-6BEC-482F-99E5-3CAFD70EC226}.Ad-Hoc|iPhoneSimulator.Build.0 = Release|Any CPU
		{9D3BA189-6BEC-482F-99E5-3CAFD70EC226}.Ad-Hoc|iPhoneSimulator.Deploy.0 = Release|Any CPU
		{9D3BA189-6BEC-482F-99E5-3CAFD70EC226}.Ad-Hoc|x64.ActiveCfg = Release|Any CPU
		{9D3BA189-6BEC-482F-99E5-3CAFD70EC226}.Ad-Hoc|x64.Build.0 = Release|Any CPU
		{9D3BA189-6BEC-482F-99E5-3CAFD70EC226}.Ad-Hoc|x64.Deploy.0 = Release|Any CPU
		{9D3BA189-6BEC-482F-99E5-3CAFD70EC226}.Ad-Hoc|x86.ActiveCfg = Release|x86
		{9D3BA189-6BEC-482F-99E5-3CAFD70EC226}.Ad-Hoc|x86.Build.0 = Release|x86
		{9D3BA189-6BEC-482F-99E5-3CAFD70EC226}.Ad-Hoc|x86.Deploy.0 = Release|x86
		{9D3BA189-6BEC-482F-99E5-3CAFD70EC226}.AppStore|Any CPU.ActiveCfg = Release|Any CPU
		{9D3BA189-6BEC-482F-99E5-3CAFD70EC226}.AppStore|Any CPU.Build.0 = Release|Any CPU
		{9D3BA189-6BEC-482F-99E5-3CAFD70EC226}.AppStore|Any CPU.Deploy.0 = Release|Any CPU
		{9D3BA189-6BEC-482F-99E5-3CAFD70EC226}.AppStore|ARM.ActiveCfg = Release|ARM
		{9D3BA189-6BEC-482F-99E5-3CAFD70EC226}.AppStore|ARM.Build.0 = Release|ARM
		{9D3BA189-6BEC-482F-99E5-3CAFD70EC226}.AppStore|ARM.Deploy.0 = Release|ARM
		{9D3BA189-6BEC-482F-99E5-3CAFD70EC226}.AppStore|iPhone.ActiveCfg = Release|Any CPU
		{9D3BA189-6BEC-482F-99E5-3CAFD70EC226}.AppStore|iPhone.Build.0 = Release|Any CPU
		{9D3BA189-6BEC-482F-99E5-3CAFD70EC226}.AppStore|iPhone.Deploy.0 = Release|Any CPU
		{9D3BA189-6BEC-482F-99E5-3CAFD70EC226}.AppStore|iPhoneSimulator.ActiveCfg = Release|Any CPU
		{9D3BA189-6BEC-482F-99E5-3CAFD70EC226}.AppStore|iPhoneSimulator.Build.0 = Release|Any CPU
		{9D3BA189-6BEC-482F-99E5-3CAFD70EC226}.AppStore|iPhoneSimulator.Deploy.0 = Release|Any CPU
		{9D3BA189-6BEC-482F-99E5-3CAFD70EC226}.AppStore|x64.ActiveCfg = Release|Any CPU
		{9D3BA189-6BEC-482F-99E5-3CAFD70EC226}.AppStore|x64.Build.0 = Release|Any CPU
		{9D3BA189-6BEC-482F-99E5-3CAFD70EC226}.AppStore|x64.Deploy.0 = Release|Any CPU
		{9D3BA189-6BEC-482F-99E5-3CAFD70EC226}.AppStore|x86.ActiveCfg = Release|x86
		{9D3BA189-6BEC-482F-99E5-3CAFD70EC226}.AppStore|x86.Build.0 = Release|x86
		{9D3BA189-6BEC-482F-99E5-3CAFD70EC226}.AppStore|x86.Deploy.0 = Release|x86
		{9D3BA189-6BEC-482F-99E5-3CAFD70EC226}.Debug|Any CPU.ActiveCfg = Debug|Any CPU
		{9D3BA189-6BEC-482F-99E5-3CAFD70EC226}.Debug|Any CPU.Build.0 = Debug|Any CPU
		{9D3BA189-6BEC-482F-99E5-3CAFD70EC226}.Debug|Any CPU.Deploy.0 = Debug|Any CPU
		{9D3BA189-6BEC-482F-99E5-3CAFD70EC226}.Debug|ARM.ActiveCfg = Debug|ARM
		{9D3BA189-6BEC-482F-99E5-3CAFD70EC226}.Debug|ARM.Build.0 = Debug|ARM
		{9D3BA189-6BEC-482F-99E5-3CAFD70EC226}.Debug|ARM.Deploy.0 = Debug|ARM
		{9D3BA189-6BEC-482F-99E5-3CAFD70EC226}.Debug|iPhone.ActiveCfg = Debug|Any CPU
		{9D3BA189-6BEC-482F-99E5-3CAFD70EC226}.Debug|iPhone.Build.0 = Debug|Any CPU
		{9D3BA189-6BEC-482F-99E5-3CAFD70EC226}.Debug|iPhone.Deploy.0 = Debug|Any CPU
		{9D3BA189-6BEC-482F-99E5-3CAFD70EC226}.Debug|iPhoneSimulator.ActiveCfg = Debug|Any CPU
		{9D3BA189-6BEC-482F-99E5-3CAFD70EC226}.Debug|iPhoneSimulator.Build.0 = Debug|Any CPU
		{9D3BA189-6BEC-482F-99E5-3CAFD70EC226}.Debug|iPhoneSimulator.Deploy.0 = Debug|Any CPU
		{9D3BA189-6BEC-482F-99E5-3CAFD70EC226}.Debug|x64.ActiveCfg = Debug|Any CPU
		{9D3BA189-6BEC-482F-99E5-3CAFD70EC226}.Debug|x64.Build.0 = Debug|Any CPU
		{9D3BA189-6BEC-482F-99E5-3CAFD70EC226}.Debug|x64.Deploy.0 = Debug|Any CPU
		{9D3BA189-6BEC-482F-99E5-3CAFD70EC226}.Debug|x86.ActiveCfg = Debug|x86
		{9D3BA189-6BEC-482F-99E5-3CAFD70EC226}.Debug|x86.Build.0 = Debug|x86
		{9D3BA189-6BEC-482F-99E5-3CAFD70EC226}.Debug|x86.Deploy.0 = Debug|x86
		{9D3BA189-6BEC-482F-99E5-3CAFD70EC226}.Release|Any CPU.ActiveCfg = Release|Any CPU
		{9D3BA189-6BEC-482F-99E5-3CAFD70EC226}.Release|Any CPU.Build.0 = Release|Any CPU
		{9D3BA189-6BEC-482F-99E5-3CAFD70EC226}.Release|Any CPU.Deploy.0 = Release|Any CPU
		{9D3BA189-6BEC-482F-99E5-3CAFD70EC226}.Release|ARM.ActiveCfg = Release|ARM
		{9D3BA189-6BEC-482F-99E5-3CAFD70EC226}.Release|ARM.Build.0 = Release|ARM
		{9D3BA189-6BEC-482F-99E5-3CAFD70EC226}.Release|ARM.Deploy.0 = Release|ARM
		{9D3BA189-6BEC-482F-99E5-3CAFD70EC226}.Release|iPhone.ActiveCfg = Release|Any CPU
		{9D3BA189-6BEC-482F-99E5-3CAFD70EC226}.Release|iPhone.Build.0 = Release|Any CPU
		{9D3BA189-6BEC-482F-99E5-3CAFD70EC226}.Release|iPhone.Deploy.0 = Release|Any CPU
		{9D3BA189-6BEC-482F-99E5-3CAFD70EC226}.Release|iPhoneSimulator.ActiveCfg = Release|Any CPU
		{9D3BA189-6BEC-482F-99E5-3CAFD70EC226}.Release|iPhoneSimulator.Build.0 = Release|Any CPU
		{9D3BA189-6BEC-482F-99E5-3CAFD70EC226}.Release|iPhoneSimulator.Deploy.0 = Release|Any CPU
		{9D3BA189-6BEC-482F-99E5-3CAFD70EC226}.Release|x64.ActiveCfg = Release|Any CPU
		{9D3BA189-6BEC-482F-99E5-3CAFD70EC226}.Release|x64.Build.0 = Release|Any CPU
		{9D3BA189-6BEC-482F-99E5-3CAFD70EC226}.Release|x64.Deploy.0 = Release|Any CPU
		{9D3BA189-6BEC-482F-99E5-3CAFD70EC226}.Release|x86.ActiveCfg = Release|x86
		{9D3BA189-6BEC-482F-99E5-3CAFD70EC226}.Release|x86.Build.0 = Release|x86
		{9D3BA189-6BEC-482F-99E5-3CAFD70EC226}.Release|x86.Deploy.0 = Release|x86
		{18DFC8B6-17EE-4700-A1DB-084F0AE9D6DF}.Ad-Hoc|Any CPU.ActiveCfg = Release|x86
		{18DFC8B6-17EE-4700-A1DB-084F0AE9D6DF}.Ad-Hoc|Any CPU.Build.0 = Release|x86
		{18DFC8B6-17EE-4700-A1DB-084F0AE9D6DF}.Ad-Hoc|Any CPU.Deploy.0 = Release|x86
		{18DFC8B6-17EE-4700-A1DB-084F0AE9D6DF}.Ad-Hoc|ARM.ActiveCfg = Release|ARM
		{18DFC8B6-17EE-4700-A1DB-084F0AE9D6DF}.Ad-Hoc|ARM.Build.0 = Release|ARM
		{18DFC8B6-17EE-4700-A1DB-084F0AE9D6DF}.Ad-Hoc|ARM.Deploy.0 = Release|ARM
		{18DFC8B6-17EE-4700-A1DB-084F0AE9D6DF}.Ad-Hoc|iPhone.ActiveCfg = Release|x86
		{18DFC8B6-17EE-4700-A1DB-084F0AE9D6DF}.Ad-Hoc|iPhone.Build.0 = Release|x86
		{18DFC8B6-17EE-4700-A1DB-084F0AE9D6DF}.Ad-Hoc|iPhone.Deploy.0 = Release|x86
		{18DFC8B6-17EE-4700-A1DB-084F0AE9D6DF}.Ad-Hoc|iPhoneSimulator.ActiveCfg = Release|x86
		{18DFC8B6-17EE-4700-A1DB-084F0AE9D6DF}.Ad-Hoc|iPhoneSimulator.Build.0 = Release|x86
		{18DFC8B6-17EE-4700-A1DB-084F0AE9D6DF}.Ad-Hoc|iPhoneSimulator.Deploy.0 = Release|x86
		{18DFC8B6-17EE-4700-A1DB-084F0AE9D6DF}.Ad-Hoc|x64.ActiveCfg = Release|x64
		{18DFC8B6-17EE-4700-A1DB-084F0AE9D6DF}.Ad-Hoc|x64.Build.0 = Release|x64
		{18DFC8B6-17EE-4700-A1DB-084F0AE9D6DF}.Ad-Hoc|x64.Deploy.0 = Release|x64
		{18DFC8B6-17EE-4700-A1DB-084F0AE9D6DF}.Ad-Hoc|x86.ActiveCfg = Release|x86
		{18DFC8B6-17EE-4700-A1DB-084F0AE9D6DF}.Ad-Hoc|x86.Build.0 = Release|x86
		{18DFC8B6-17EE-4700-A1DB-084F0AE9D6DF}.Ad-Hoc|x86.Deploy.0 = Release|x86
		{18DFC8B6-17EE-4700-A1DB-084F0AE9D6DF}.AppStore|Any CPU.ActiveCfg = Release|x86
		{18DFC8B6-17EE-4700-A1DB-084F0AE9D6DF}.AppStore|Any CPU.Build.0 = Release|x86
		{18DFC8B6-17EE-4700-A1DB-084F0AE9D6DF}.AppStore|Any CPU.Deploy.0 = Release|x86
		{18DFC8B6-17EE-4700-A1DB-084F0AE9D6DF}.AppStore|ARM.ActiveCfg = Release|ARM
		{18DFC8B6-17EE-4700-A1DB-084F0AE9D6DF}.AppStore|ARM.Build.0 = Release|ARM
		{18DFC8B6-17EE-4700-A1DB-084F0AE9D6DF}.AppStore|ARM.Deploy.0 = Release|ARM
		{18DFC8B6-17EE-4700-A1DB-084F0AE9D6DF}.AppStore|iPhone.ActiveCfg = Release|x86
		{18DFC8B6-17EE-4700-A1DB-084F0AE9D6DF}.AppStore|iPhone.Build.0 = Release|x86
		{18DFC8B6-17EE-4700-A1DB-084F0AE9D6DF}.AppStore|iPhone.Deploy.0 = Release|x86
		{18DFC8B6-17EE-4700-A1DB-084F0AE9D6DF}.AppStore|iPhoneSimulator.ActiveCfg = Release|x86
		{18DFC8B6-17EE-4700-A1DB-084F0AE9D6DF}.AppStore|iPhoneSimulator.Build.0 = Release|x86
		{18DFC8B6-17EE-4700-A1DB-084F0AE9D6DF}.AppStore|iPhoneSimulator.Deploy.0 = Release|x86
		{18DFC8B6-17EE-4700-A1DB-084F0AE9D6DF}.AppStore|x64.ActiveCfg = Release|x64
		{18DFC8B6-17EE-4700-A1DB-084F0AE9D6DF}.AppStore|x64.Build.0 = Release|x64
		{18DFC8B6-17EE-4700-A1DB-084F0AE9D6DF}.AppStore|x64.Deploy.0 = Release|x64
		{18DFC8B6-17EE-4700-A1DB-084F0AE9D6DF}.AppStore|x86.ActiveCfg = Release|x86
		{18DFC8B6-17EE-4700-A1DB-084F0AE9D6DF}.AppStore|x86.Build.0 = Release|x86
		{18DFC8B6-17EE-4700-A1DB-084F0AE9D6DF}.AppStore|x86.Deploy.0 = Release|x86
		{18DFC8B6-17EE-4700-A1DB-084F0AE9D6DF}.Debug|Any CPU.ActiveCfg = Debug|x86
		{18DFC8B6-17EE-4700-A1DB-084F0AE9D6DF}.Debug|ARM.ActiveCfg = Debug|ARM
		{18DFC8B6-17EE-4700-A1DB-084F0AE9D6DF}.Debug|ARM.Build.0 = Debug|ARM
		{18DFC8B6-17EE-4700-A1DB-084F0AE9D6DF}.Debug|ARM.Deploy.0 = Debug|ARM
		{18DFC8B6-17EE-4700-A1DB-084F0AE9D6DF}.Debug|iPhone.ActiveCfg = Debug|x86
		{18DFC8B6-17EE-4700-A1DB-084F0AE9D6DF}.Debug|iPhoneSimulator.ActiveCfg = Debug|x86
		{18DFC8B6-17EE-4700-A1DB-084F0AE9D6DF}.Debug|x64.ActiveCfg = Debug|x64
		{18DFC8B6-17EE-4700-A1DB-084F0AE9D6DF}.Debug|x64.Build.0 = Debug|x64
		{18DFC8B6-17EE-4700-A1DB-084F0AE9D6DF}.Debug|x64.Deploy.0 = Debug|x64
		{18DFC8B6-17EE-4700-A1DB-084F0AE9D6DF}.Debug|x86.ActiveCfg = Debug|x86
		{18DFC8B6-17EE-4700-A1DB-084F0AE9D6DF}.Debug|x86.Build.0 = Debug|x86
		{18DFC8B6-17EE-4700-A1DB-084F0AE9D6DF}.Debug|x86.Deploy.0 = Debug|x86
		{18DFC8B6-17EE-4700-A1DB-084F0AE9D6DF}.Release|Any CPU.ActiveCfg = Release|x86
		{18DFC8B6-17EE-4700-A1DB-084F0AE9D6DF}.Release|ARM.ActiveCfg = Release|ARM
		{18DFC8B6-17EE-4700-A1DB-084F0AE9D6DF}.Release|ARM.Build.0 = Release|ARM
		{18DFC8B6-17EE-4700-A1DB-084F0AE9D6DF}.Release|ARM.Deploy.0 = Release|ARM
		{18DFC8B6-17EE-4700-A1DB-084F0AE9D6DF}.Release|iPhone.ActiveCfg = Release|x86
		{18DFC8B6-17EE-4700-A1DB-084F0AE9D6DF}.Release|iPhoneSimulator.ActiveCfg = Release|x86
		{18DFC8B6-17EE-4700-A1DB-084F0AE9D6DF}.Release|x64.ActiveCfg = Release|x64
		{18DFC8B6-17EE-4700-A1DB-084F0AE9D6DF}.Release|x64.Build.0 = Release|x64
		{18DFC8B6-17EE-4700-A1DB-084F0AE9D6DF}.Release|x64.Deploy.0 = Release|x64
		{18DFC8B6-17EE-4700-A1DB-084F0AE9D6DF}.Release|x86.ActiveCfg = Release|x86
		{18DFC8B6-17EE-4700-A1DB-084F0AE9D6DF}.Release|x86.Build.0 = Release|x86
		{18DFC8B6-17EE-4700-A1DB-084F0AE9D6DF}.Release|x86.Deploy.0 = Release|x86
		{06F46BE6-56E7-4AD5-8BD5-4AE5F8DBE0EB}.Ad-Hoc|Any CPU.ActiveCfg = Release|Any CPU
		{06F46BE6-56E7-4AD5-8BD5-4AE5F8DBE0EB}.Ad-Hoc|Any CPU.Build.0 = Release|Any CPU
		{06F46BE6-56E7-4AD5-8BD5-4AE5F8DBE0EB}.Ad-Hoc|Any CPU.Deploy.0 = Release|Any CPU
		{06F46BE6-56E7-4AD5-8BD5-4AE5F8DBE0EB}.Ad-Hoc|ARM.ActiveCfg = Release|ARM
		{06F46BE6-56E7-4AD5-8BD5-4AE5F8DBE0EB}.Ad-Hoc|ARM.Build.0 = Release|ARM
		{06F46BE6-56E7-4AD5-8BD5-4AE5F8DBE0EB}.Ad-Hoc|ARM.Deploy.0 = Release|ARM
		{06F46BE6-56E7-4AD5-8BD5-4AE5F8DBE0EB}.Ad-Hoc|iPhone.ActiveCfg = Release|Any CPU
		{06F46BE6-56E7-4AD5-8BD5-4AE5F8DBE0EB}.Ad-Hoc|iPhone.Build.0 = Release|Any CPU
		{06F46BE6-56E7-4AD5-8BD5-4AE5F8DBE0EB}.Ad-Hoc|iPhone.Deploy.0 = Release|Any CPU
		{06F46BE6-56E7-4AD5-8BD5-4AE5F8DBE0EB}.Ad-Hoc|iPhoneSimulator.ActiveCfg = Release|Any CPU
		{06F46BE6-56E7-4AD5-8BD5-4AE5F8DBE0EB}.Ad-Hoc|iPhoneSimulator.Build.0 = Release|Any CPU
		{06F46BE6-56E7-4AD5-8BD5-4AE5F8DBE0EB}.Ad-Hoc|iPhoneSimulator.Deploy.0 = Release|Any CPU
		{06F46BE6-56E7-4AD5-8BD5-4AE5F8DBE0EB}.Ad-Hoc|x64.ActiveCfg = Release|x64
		{06F46BE6-56E7-4AD5-8BD5-4AE5F8DBE0EB}.Ad-Hoc|x64.Build.0 = Release|x64
		{06F46BE6-56E7-4AD5-8BD5-4AE5F8DBE0EB}.Ad-Hoc|x64.Deploy.0 = Release|x64
		{06F46BE6-56E7-4AD5-8BD5-4AE5F8DBE0EB}.Ad-Hoc|x86.ActiveCfg = Release|x86
		{06F46BE6-56E7-4AD5-8BD5-4AE5F8DBE0EB}.Ad-Hoc|x86.Build.0 = Release|x86
		{06F46BE6-56E7-4AD5-8BD5-4AE5F8DBE0EB}.Ad-Hoc|x86.Deploy.0 = Release|x86
		{06F46BE6-56E7-4AD5-8BD5-4AE5F8DBE0EB}.AppStore|Any CPU.ActiveCfg = Release|Any CPU
		{06F46BE6-56E7-4AD5-8BD5-4AE5F8DBE0EB}.AppStore|Any CPU.Build.0 = Release|Any CPU
		{06F46BE6-56E7-4AD5-8BD5-4AE5F8DBE0EB}.AppStore|Any CPU.Deploy.0 = Release|Any CPU
		{06F46BE6-56E7-4AD5-8BD5-4AE5F8DBE0EB}.AppStore|ARM.ActiveCfg = Release|ARM
		{06F46BE6-56E7-4AD5-8BD5-4AE5F8DBE0EB}.AppStore|ARM.Build.0 = Release|ARM
		{06F46BE6-56E7-4AD5-8BD5-4AE5F8DBE0EB}.AppStore|ARM.Deploy.0 = Release|ARM
		{06F46BE6-56E7-4AD5-8BD5-4AE5F8DBE0EB}.AppStore|iPhone.ActiveCfg = Release|Any CPU
		{06F46BE6-56E7-4AD5-8BD5-4AE5F8DBE0EB}.AppStore|iPhone.Build.0 = Release|Any CPU
		{06F46BE6-56E7-4AD5-8BD5-4AE5F8DBE0EB}.AppStore|iPhone.Deploy.0 = Release|Any CPU
		{06F46BE6-56E7-4AD5-8BD5-4AE5F8DBE0EB}.AppStore|iPhoneSimulator.ActiveCfg = Release|Any CPU
		{06F46BE6-56E7-4AD5-8BD5-4AE5F8DBE0EB}.AppStore|iPhoneSimulator.Build.0 = Release|Any CPU
		{06F46BE6-56E7-4AD5-8BD5-4AE5F8DBE0EB}.AppStore|iPhoneSimulator.Deploy.0 = Release|Any CPU
		{06F46BE6-56E7-4AD5-8BD5-4AE5F8DBE0EB}.AppStore|x64.ActiveCfg = Release|x64
		{06F46BE6-56E7-4AD5-8BD5-4AE5F8DBE0EB}.AppStore|x64.Build.0 = Release|x64
		{06F46BE6-56E7-4AD5-8BD5-4AE5F8DBE0EB}.AppStore|x64.Deploy.0 = Release|x64
		{06F46BE6-56E7-4AD5-8BD5-4AE5F8DBE0EB}.AppStore|x86.ActiveCfg = Release|x86
		{06F46BE6-56E7-4AD5-8BD5-4AE5F8DBE0EB}.AppStore|x86.Build.0 = Release|x86
		{06F46BE6-56E7-4AD5-8BD5-4AE5F8DBE0EB}.AppStore|x86.Deploy.0 = Release|x86
		{06F46BE6-56E7-4AD5-8BD5-4AE5F8DBE0EB}.Debug|Any CPU.ActiveCfg = Debug|Any CPU
		{06F46BE6-56E7-4AD5-8BD5-4AE5F8DBE0EB}.Debug|Any CPU.Build.0 = Debug|Any CPU
		{06F46BE6-56E7-4AD5-8BD5-4AE5F8DBE0EB}.Debug|Any CPU.Deploy.0 = Debug|Any CPU
		{06F46BE6-56E7-4AD5-8BD5-4AE5F8DBE0EB}.Debug|ARM.ActiveCfg = Debug|ARM
		{06F46BE6-56E7-4AD5-8BD5-4AE5F8DBE0EB}.Debug|ARM.Build.0 = Debug|ARM
		{06F46BE6-56E7-4AD5-8BD5-4AE5F8DBE0EB}.Debug|ARM.Deploy.0 = Debug|ARM
		{06F46BE6-56E7-4AD5-8BD5-4AE5F8DBE0EB}.Debug|iPhone.ActiveCfg = Debug|Any CPU
		{06F46BE6-56E7-4AD5-8BD5-4AE5F8DBE0EB}.Debug|iPhone.Build.0 = Debug|Any CPU
		{06F46BE6-56E7-4AD5-8BD5-4AE5F8DBE0EB}.Debug|iPhone.Deploy.0 = Debug|Any CPU
		{06F46BE6-56E7-4AD5-8BD5-4AE5F8DBE0EB}.Debug|iPhoneSimulator.ActiveCfg = Debug|Any CPU
		{06F46BE6-56E7-4AD5-8BD5-4AE5F8DBE0EB}.Debug|iPhoneSimulator.Build.0 = Debug|Any CPU
		{06F46BE6-56E7-4AD5-8BD5-4AE5F8DBE0EB}.Debug|iPhoneSimulator.Deploy.0 = Debug|Any CPU
		{06F46BE6-56E7-4AD5-8BD5-4AE5F8DBE0EB}.Debug|x64.ActiveCfg = Debug|x64
		{06F46BE6-56E7-4AD5-8BD5-4AE5F8DBE0EB}.Debug|x64.Build.0 = Debug|x64
		{06F46BE6-56E7-4AD5-8BD5-4AE5F8DBE0EB}.Debug|x64.Deploy.0 = Debug|x64
		{06F46BE6-56E7-4AD5-8BD5-4AE5F8DBE0EB}.Debug|x86.ActiveCfg = Debug|x86
		{06F46BE6-56E7-4AD5-8BD5-4AE5F8DBE0EB}.Debug|x86.Build.0 = Debug|x86
		{06F46BE6-56E7-4AD5-8BD5-4AE5F8DBE0EB}.Debug|x86.Deploy.0 = Debug|x86
		{06F46BE6-56E7-4AD5-8BD5-4AE5F8DBE0EB}.Release|Any CPU.ActiveCfg = Release|Any CPU
		{06F46BE6-56E7-4AD5-8BD5-4AE5F8DBE0EB}.Release|Any CPU.Build.0 = Release|Any CPU
		{06F46BE6-56E7-4AD5-8BD5-4AE5F8DBE0EB}.Release|Any CPU.Deploy.0 = Release|Any CPU
		{06F46BE6-56E7-4AD5-8BD5-4AE5F8DBE0EB}.Release|ARM.ActiveCfg = Release|ARM
		{06F46BE6-56E7-4AD5-8BD5-4AE5F8DBE0EB}.Release|ARM.Build.0 = Release|ARM
		{06F46BE6-56E7-4AD5-8BD5-4AE5F8DBE0EB}.Release|ARM.Deploy.0 = Release|ARM
		{06F46BE6-56E7-4AD5-8BD5-4AE5F8DBE0EB}.Release|iPhone.ActiveCfg = Release|Any CPU
		{06F46BE6-56E7-4AD5-8BD5-4AE5F8DBE0EB}.Release|iPhone.Build.0 = Release|Any CPU
		{06F46BE6-56E7-4AD5-8BD5-4AE5F8DBE0EB}.Release|iPhone.Deploy.0 = Release|Any CPU
		{06F46BE6-56E7-4AD5-8BD5-4AE5F8DBE0EB}.Release|iPhoneSimulator.ActiveCfg = Release|Any CPU
		{06F46BE6-56E7-4AD5-8BD5-4AE5F8DBE0EB}.Release|iPhoneSimulator.Build.0 = Release|Any CPU
		{06F46BE6-56E7-4AD5-8BD5-4AE5F8DBE0EB}.Release|iPhoneSimulator.Deploy.0 = Release|Any CPU
		{06F46BE6-56E7-4AD5-8BD5-4AE5F8DBE0EB}.Release|x64.ActiveCfg = Release|x64
		{06F46BE6-56E7-4AD5-8BD5-4AE5F8DBE0EB}.Release|x64.Build.0 = Release|x64
		{06F46BE6-56E7-4AD5-8BD5-4AE5F8DBE0EB}.Release|x64.Deploy.0 = Release|x64
		{06F46BE6-56E7-4AD5-8BD5-4AE5F8DBE0EB}.Release|x86.ActiveCfg = Release|x86
		{06F46BE6-56E7-4AD5-8BD5-4AE5F8DBE0EB}.Release|x86.Build.0 = Release|x86
		{06F46BE6-56E7-4AD5-8BD5-4AE5F8DBE0EB}.Release|x86.Deploy.0 = Release|x86
	EndGlobalSection
	GlobalSection(SolutionProperties) = preSolution
		HideSolutionNode = FALSE
	EndGlobalSection
EndGlobal
